version = 1
revision = 3
requires-python = ">=3.14"

[[package]]
name = "pyobjc-core"
version = "12.1"
source = { registry = "https://pypi.org/simple" }
sdist = { url = "https://files.pythonhosted.org/packages/b8/b6/d5612eb40be4fd5ef88c259339e6313f46ba67577a95d86c3470b951fce0/pyobjc_core-12.1.tar.gz", hash = "sha256:2bb3903f5387f72422145e1466b3ac3f7f0ef2e9960afa9bcd8961c5cbf8bd21", size = 1000532, upload-time = "2025-11-14T10:08:28.292Z" }
wheels = [
    { url = "https://files.pythonhosted.org/packages/25/98/9f4ed07162de69603144ff480be35cd021808faa7f730d082b92f7ebf2b5/pyobjc_core-12.1-cp314-cp314-macosx_10_15_universal2.whl", hash = "sha256:844515f5d86395b979d02152576e7dee9cc679acc0b32dc626ef5bda315eaa43", size = 670164, upload-time = "2025-11-14T09:34:37.458Z" },
    { url = "https://files.pythonhosted.org/packages/62/50/dc076965c96c7f0de25c0a32b7f8aa98133ed244deaeeacfc758783f1f30/pyobjc_core-12.1-cp314-cp314t-macosx_10_15_universal2.whl", hash = "sha256:453b191df1a4b80e756445b935491b974714456ae2cbae816840bd96f86db882", size = 712204, upload-time = "2025-11-14T09:35:24.148Z" },
]

[[package]]
name = "pyobjc-framework-avfoundation"
version = "12.1"
source = { registry = "https://pypi.org/simple" }
dependencies = [
    { name = "pyobjc-core" },
    { name = "pyobjc-framework-cocoa" },
    { name = "pyobjc-framework-coreaudio" },
    { name = "pyobjc-framework-coremedia" },
    { name = "pyobjc-framework-quartz" },
]
sdist = { url = "https://files.pythonhosted.org/packages/cd/42/c026ab308edc2ed5582d8b4b93da6b15d1b6557c0086914a4aabedd1f032/pyobjc_framework_avfoundation-12.1.tar.gz", hash = "sha256:eda0bb60be380f9ba2344600c4231dd58a3efafa99fdc65d3673ecfbb83f6fcb", size = 310047, upload-time = "2025-11-14T10:09:40.069Z" }
wheels = [
    { url = "https://files.pythonhosted.org/packages/0c/65/a79cf3b8935a78329ac1107056b91868a581096a90ab6ddff5fd28db4947/pyobjc_framework_avfoundation-12.1-cp314-cp314-macosx_10_15_universal2.whl", hash = "sha256:9a3ffd1ae90bd72dbcf2875aa9254369e805b904140362a7338ebf1af54201a6", size = 83629, upload-time = "2025-11-14T09:38:06.697Z" },
    { url = "https://files.pythonhosted.org/packages/8a/03/4125204a17cd7b4de1fdfc38b280a47d0d8f8691a4ee306ebb41b58ff030/pyobjc_framework_avfoundation-12.1-cp314-cp314t-macosx_10_15_universal2.whl", hash = "sha256:394c99876b9a38db4851ddf8146db363556895c12e9c711ccd3c3f907ac8e273", size = 83962, upload-time = "2025-11-14T09:38:13.153Z" },
]

[[package]]
name = "pyobjc-framework-cocoa"
version = "12.1"
source = { registry = "https://pypi.org/simple" }
dependencies = [
    { name = "pyobjc-core" },
]
sdist = { url = "https://files.pythonhosted.org/packages/02/a3/16ca9a15e77c061a9250afbae2eae26f2e1579eb8ca9462ae2d2c71e1169/pyobjc_framework_cocoa-12.1.tar.gz", hash = "sha256:5556c87db95711b985d5efdaaf01c917ddd41d148b1e52a0c66b1a2e2c5c1640", size = 2772191, upload-time = "2025-11-14T10:13:02.069Z" }
wheels = [
    { url = "https://files.pythonhosted.org/packages/59/bb/f777cc9e775fc7dae77b569254570fe46eb842516b3e4fe383ab49eab598/pyobjc_framework_cocoa-12.1-cp314-cp314-macosx_10_15_universal2.whl", hash = "sha256:03342a60fc0015bcdf9b93ac0b4f457d3938e9ef761b28df9564c91a14f0129a", size = 384932, upload-time = "2025-11-14T09:42:29.771Z" },
    { url = "https://files.pythonhosted.org/packages/58/27/b457b7b37089cad692c8aada90119162dfb4c4a16f513b79a8b2b022b33b/pyobjc_framework_cocoa-12.1-cp314-cp314t-macosx_10_15_universal2.whl", hash = "sha256:6ba1dc1bfa4da42d04e93d2363491275fb2e2be5c20790e561c8a9e09b8cf2cc", size = 388970, upload-time = "2025-11-14T09:42:53.964Z" },
]

[[package]]
name = "pyobjc-framework-coreaudio"
version = "12.1"
source = { registry = "https://pypi.org/simple" }
dependencies = [
    { name = "pyobjc-core" },
    { name = "pyobjc-framework-cocoa" },
]
sdist = { url = "https://files.pythonhosted.org/packages/84/d1/0b884c5564ab952ff5daa949128c64815300556019c1bba0cf2ca752a1a0/pyobjc_framework_coreaudio-12.1.tar.gz", hash = "sha256:a9e72925fcc1795430496ce0bffd4ddaa92c22460a10308a7283ade830089fe1", size = 75077, upload-time = "2025-11-14T10:13:22.345Z" }
wheels = [
    { url = "https://files.pythonhosted.org/packages/cf/f2/c5ca32d01c9d892bf189cfe9b17deaf996db3b4013f8a8ba9b0d22730d70/pyobjc_framework_coreaudio-12.1-cp314-cp314-macosx_10_15_universal2.whl", hash = "sha256:78ea67483a5deb21625c189328152008d278fe1da4304da9fcc1babd12627038", size = 37012, upload-time = "2025-11-14T09:43:46.54Z" },
    { url = "https://files.pythonhosted.org/packages/00/be/c3d660cef1ef874f42057a74931a7a05f581f6a647f5209bef96b372db86/pyobjc_framework_coreaudio-12.1-cp314-cp314t-macosx_10_15_universal2.whl", hash = "sha256:8d81b0d0296ab4571a4ff302e5cdb52386e486eb8749e99b95b9141438558ca2", size = 38485, upload-time = "2025-11-14T09:43:49.883Z" },
]

[[package]]
name = "pyobjc-framework-coremedia"
version = "12.1"
source = { registry = "https://pypi.org/simple" }
dependencies = [
    { name = "pyobjc-core" },
    { name = "pyobjc-framework-cocoa" },
]
sdist = { url = "https://files.pythonhosted.org/packages/da/7d/5ad600ff7aedfef8ba8f51b11d9aaacdf247b870bd14045d6e6f232e3df9/pyobjc_framework_coremedia-12.1.tar.gz", hash = "sha256:166c66a9c01e7a70103f3ca44c571431d124b9070612ef63a1511a4e6d9d84a7", size = 89566, upload-time = "2025-11-14T10:13:49.788Z" }
wheels = [
    { url = "https://files.pythonhosted.org/packages/08/e2/b890658face1290c8b6b6b53a1159c822bece248f883e42302548bef38da/pyobjc_framework_coremedia-12.1-cp314-cp314-macosx_10_15_universal2.whl", hash = "sha256:737ec6e0b63414f42f7188030c85975d6d2124fbf6b15b52c99b6cc20250af4d", size = 29447, upload-time = "2025-11-14T09:45:07.17Z" },
    { url = "https://files.pythonhosted.org/packages/a4/9e/16981d0ee04b182481ce1e497b5e0326bad6d698fe0265bb7db72b1b26b5/pyobjc_framework_coremedia-12.1-cp314-cp314t-macosx_10_15_universal2.whl", hash = "sha256:6a9419e0d143df16a1562520a13a389417386e2a53031530af6da60c34058ced", size = 29500, upload-time = "2025-11-14T09:45:10.506Z" },
]

[[package]]
name = "pyobjc-framework-quartz"
version = "12.1"
source = { registry = "https://pypi.org/simple" }
dependencies = [
    { name = "pyobjc-core" },
    { name = "pyobjc-framework-cocoa" },
]
sdist = { url = "https://files.pythonhosted.org/packages/94/18/cc59f3d4355c9456fc945eae7fe8797003c4da99212dd531ad1b0de8a0c6/pyobjc_framework_quartz-12.1.tar.gz", hash = "sha256:27f782f3513ac88ec9b6c82d9767eef95a5cf4175ce88a1e5a65875fee799608", size = 3159099, upload-time = "2025-11-14T10:21:24.31Z" }
wheels = [
    { url = "https://files.pythonhosted.org/packages/4a/00/96249c5c7e5aaca5f688ca18b8d8ad05cd7886ebd639b3c71a6a4cadbe75/pyobjc_framework_quartz-12.1-cp314-cp314-macosx_10_15_universal2.whl", hash = "sha256:42d306b07f05ae7d155984503e0fb1b701fecd31dcc5c79fe8ab9790ff7e0de0", size = 219558, upload-time = "2025-11-14T10:00:45.476Z" },
    { url = "https://files.pythonhosted.org/packages/4d/a6/708a55f3ff7a18c403b30a29a11dccfed0410485a7548c60a4b6d4cc0676/pyobjc_framework_quartz-12.1-cp314-cp314t-macosx_10_15_universal2.whl", hash = "sha256:0cc08fddb339b2760df60dea1057453557588908e42bdc62184b6396ce2d6e9a", size = 224580, upload-time = "2025-11-14T10:01:00.091Z" },
]

[[package]]
name = "simple-video-preview"
version = "0.1.0"
source = { editable = "." }
dependencies = [
    { name = "pyobjc-framework-avfoundation" },
    { name = "pyobjc-framework-cocoa" },
]

[package.metadata]
requires-dist = [
    { name = "pyobjc-framework-avfoundation", specifier = ">=11.1" },
    { name = "pyobjc-framework-cocoa", specifier = ">=11.1" },
]
